// !$*UTF8*$!
{
	archiveVersion = 1;
	classes = {
	};
	objectVersion = 48;
	objects = {

/* Begin PBXBuildFile section */
		6F67F2C5E0652390531836B4 /* Pods_TestAuthTests.framework in Frameworks */ = {isa = PBXBuildFile; fileRef = 1F7E9D795EC9C15D3C0219EA /* Pods_TestAuthTests.framework */; };
		B45BDBD51F20E1EA004F1D53 /* AppDelegate.swift in Sources */ = {isa = PBXBuildFile; fileRef = B45BDBD41F20E1EA004F1D53 /* AppDelegate.swift */; };
		B45BDBDC1F20E1EA004F1D53 /* Assets.xcassets in Resources */ = {isa = PBXBuildFile; fileRef = B45BDBDB1F20E1EA004F1D53 /* Assets.xcassets */; };
		B45BDBDF1F20E1EA004F1D53 /* LaunchScreen.storyboard in Resources */ = {isa = PBXBuildFile; fileRef = B45BDBDD1F20E1EA004F1D53 /* LaunchScreen.storyboard */; };
		B45BDBEA1F20E1EB004F1D53 /* TestAuthTests.swift in Sources */ = {isa = PBXBuildFile; fileRef = B45BDBE91F20E1EB004F1D53 /* TestAuthTests.swift */; };
		B45BDBF51F20E1EB004F1D53 /* TestAuthUITests.swift in Sources */ = {isa = PBXBuildFile; fileRef = B45BDBF41F20E1EB004F1D53 /* TestAuthUITests.swift */; };
		B45BDC0B1F20E483004F1D53 /* Routing.swift in Sources */ = {isa = PBXBuildFile; fileRef = B45BDC0A1F20E483004F1D53 /* Routing.swift */; };
		B45BDC0E1F20E53D004F1D53 /* Colorable.swift in Sources */ = {isa = PBXBuildFile; fileRef = B45BDC0D1F20E53D004F1D53 /* Colorable.swift */; };
		B45BDC111F20E55C004F1D53 /* DisposeBagProvider.swift in Sources */ = {isa = PBXBuildFile; fileRef = B45BDC101F20E55C004F1D53 /* DisposeBagProvider.swift */; };
		B45BDC141F20E574004F1D53 /* NotificationDescriptable.swift in Sources */ = {isa = PBXBuildFile; fileRef = B45BDC131F20E574004F1D53 /* NotificationDescriptable.swift */; };
		B45BDC181F20E694004F1D53 /* RootViewController.swift in Sources */ = {isa = PBXBuildFile; fileRef = B45BDC171F20E694004F1D53 /* RootViewController.swift */; };
		B45BDC1A1F20E6A5004F1D53 /* RootViewModel.swift in Sources */ = {isa = PBXBuildFile; fileRef = B45BDC191F20E6A5004F1D53 /* RootViewModel.swift */; };
		B45BDC1D1F20E7EC004F1D53 /* UIViewController+Rx.swift in Sources */ = {isa = PBXBuildFile; fileRef = B45BDC1C1F20E7EC004F1D53 /* UIViewController+Rx.swift */; };
		B45BDC1F1F20E803004F1D53 /* UIViewController.swift in Sources */ = {isa = PBXBuildFile; fileRef = B45BDC1E1F20E803004F1D53 /* UIViewController.swift */; };
		B45BDC221F20E830004F1D53 /* RxMoyaProvider+DisposeBag.swift in Sources */ = {isa = PBXBuildFile; fileRef = B45BDC211F20E830004F1D53 /* RxMoyaProvider+DisposeBag.swift */; };
		B45BDC251F20E869004F1D53 /* AnyObserver.swift in Sources */ = {isa = PBXBuildFile; fileRef = B45BDC241F20E869004F1D53 /* AnyObserver.swift */; };
		B45BDC281F20E894004F1D53 /* Observable.swift in Sources */ = {isa = PBXBuildFile; fileRef = B45BDC271F20E894004F1D53 /* Observable.swift */; };
		B45BDC2B1F20F070004F1D53 /* NavigationViewController.swift in Sources */ = {isa = PBXBuildFile; fileRef = B45BDC2A1F20F070004F1D53 /* NavigationViewController.swift */; };
		B45BDC2D1F20F07B004F1D53 /* NavigationViewModel.swift in Sources */ = {isa = PBXBuildFile; fileRef = B45BDC2C1F20F07B004F1D53 /* NavigationViewModel.swift */; };
		B45BDC301F20F3D3004F1D53 /* PreAuthViewController.swift in Sources */ = {isa = PBXBuildFile; fileRef = B45BDC2F1F20F3D3004F1D53 /* PreAuthViewController.swift */; };
		B45BDC321F20F3DC004F1D53 /* PreAuthViewModel.swift in Sources */ = {isa = PBXBuildFile; fileRef = B45BDC311F20F3DC004F1D53 /* PreAuthViewModel.swift */; };
		B45BDC341F20F5D0004F1D53 /* Palette.swift in Sources */ = {isa = PBXBuildFile; fileRef = B45BDC331F20F5D0004F1D53 /* Palette.swift */; };
		B45BDC361F20F5E1004F1D53 /* Style.swift in Sources */ = {isa = PBXBuildFile; fileRef = B45BDC351F20F5E1004F1D53 /* Style.swift */; };
		B45BDC381F210022004F1D53 /* PreAuthNode.swift in Sources */ = {isa = PBXBuildFile; fileRef = B45BDC371F210022004F1D53 /* PreAuthNode.swift */; };
		B45BDC3B1F210612004F1D53 /* AuthViewController.swift in Sources */ = {isa = PBXBuildFile; fileRef = B45BDC3A1F210612004F1D53 /* AuthViewController.swift */; };
		B45BDC3D1F21061D004F1D53 /* AuthViewModel.swift in Sources */ = {isa = PBXBuildFile; fileRef = B45BDC3C1F21061D004F1D53 /* AuthViewModel.swift */; };
		B45BDC3F1F210629004F1D53 /* AuthNode.swift in Sources */ = {isa = PBXBuildFile; fileRef = B45BDC3E1F210629004F1D53 /* AuthNode.swift */; };
		B465BE6B1F2533740095D246 /* Api.swift in Sources */ = {isa = PBXBuildFile; fileRef = B465BE6A1F2533740095D246 /* Api.swift */; };
		B465BE6D1F25339E0095D246 /* NetworkService.swift in Sources */ = {isa = PBXBuildFile; fileRef = B465BE6C1F25339E0095D246 /* NetworkService.swift */; };
		B465BE701F2533FE0095D246 /* Strategy.swift in Sources */ = {isa = PBXBuildFile; fileRef = B465BE6F1F2533FE0095D246 /* Strategy.swift */; };
		B465BE721F25342F0095D246 /* StrategyWeather.swift in Sources */ = {isa = PBXBuildFile; fileRef = B465BE711F25342F0095D246 /* StrategyWeather.swift */; };
		B465BE741F2538A00095D246 /* AlertAction.swift in Sources */ = {isa = PBXBuildFile; fileRef = B465BE731F2538A00095D246 /* AlertAction.swift */; };
		B465BE761F2538B70095D246 /* AlertTitle.swift in Sources */ = {isa = PBXBuildFile; fileRef = B465BE751F2538B70095D246 /* AlertTitle.swift */; };
		B465BE781F253C3F0095D246 /* AuthInputNode.swift in Sources */ = {isa = PBXBuildFile; fileRef = B465BE771F253C3F0095D246 /* AuthInputNode.swift */; };
		B48FD7B51F2374A90043C0A3 /* Fonts.swift in Sources */ = {isa = PBXBuildFile; fileRef = B48FD7B41F2374A90043C0A3 /* Fonts.swift */; };
		B48FD7B81F2374BE0043C0A3 /* Fontable.swift in Sources */ = {isa = PBXBuildFile; fileRef = B48FD7B71F2374BE0043C0A3 /* Fontable.swift */; };
		B48FD7BA1F23750D0043C0A3 /* StringAttributes.swift in Sources */ = {isa = PBXBuildFile; fileRef = B48FD7B91F23750D0043C0A3 /* StringAttributes.swift */; };
		B48FD7BD1F248D210043C0A3 /* DispatchQueue.swift in Sources */ = {isa = PBXBuildFile; fileRef = B48FD7BC1F248D210043C0A3 /* DispatchQueue.swift */; };
		B48FD7C11F2499200043C0A3 /* RegisterViewController.swift in Sources */ = {isa = PBXBuildFile; fileRef = B48FD7C01F2499200043C0A3 /* RegisterViewController.swift */; };
		B48FD7C41F24A5420043C0A3 /* Texture+Rx.swift in Sources */ = {isa = PBXBuildFile; fileRef = B48FD7C31F24A5420043C0A3 /* Texture+Rx.swift */; };
		B48FD7C61F24AA100043C0A3 /* RegisterNode.swift in Sources */ = {isa = PBXBuildFile; fileRef = B48FD7C51F24AA100043C0A3 /* RegisterNode.swift */; };
		B48FD7C81F24AB410043C0A3 /* RegisterViewModel.swift in Sources */ = {isa = PBXBuildFile; fileRef = B48FD7C71F24AB410043C0A3 /* RegisterViewModel.swift */; };
		B48FD7CA1F24D3690043C0A3 /* ResetPasswordViewController.swift in Sources */ = {isa = PBXBuildFile; fileRef = B48FD7C91F24D3690043C0A3 /* ResetPasswordViewController.swift */; };
		B48FD7CC1F24D41C0043C0A3 /* ResetPasswordNode.swift in Sources */ = {isa = PBXBuildFile; fileRef = B48FD7CB1F24D41C0043C0A3 /* ResetPasswordNode.swift */; };
		B48FD7CE1F24D45D0043C0A3 /* ResetPasswordViewModel.swift in Sources */ = {isa = PBXBuildFile; fileRef = B48FD7CD1F24D45D0043C0A3 /* ResetPasswordViewModel.swift */; };
		E4B724F9AA500F2DF3DC13D6 /* Pods_TestAuth.framework in Frameworks */ = {isa = PBXBuildFile; fileRef = CC76E40EED95CA32BF8163E4 /* Pods_TestAuth.framework */; };
		EFC46CA24B62B6C03FE33167 /* Pods_TestAuthUITests.framework in Frameworks */ = {isa = PBXBuildFile; fileRef = F83B3999888C147B11C1B818 /* Pods_TestAuthUITests.framework */; };
/* End PBXBuildFile section */

/* Begin PBXContainerItemProxy section */
		B45BDBE61F20E1EB004F1D53 /* PBXContainerItemProxy */ = {
			isa = PBXContainerItemProxy;
			containerPortal = B45BDBC91F20E1EA004F1D53 /* Project object */;
			proxyType = 1;
			remoteGlobalIDString = B45BDBD01F20E1EA004F1D53;
			remoteInfo = TestAuth;
		};
		B45BDBF11F20E1EB004F1D53 /* PBXContainerItemProxy */ = {
			isa = PBXContainerItemProxy;
			containerPortal = B45BDBC91F20E1EA004F1D53 /* Project object */;
			proxyType = 1;
			remoteGlobalIDString = B45BDBD01F20E1EA004F1D53;
			remoteInfo = TestAuth;
		};
/* End PBXContainerItemProxy section */

/* Begin PBXFileReference section */
		1A60EBA46BD4B3538C497100 /* Pods-TestAuth.debug.xcconfig */ = {isa = PBXFileReference; includeInIndex = 1; lastKnownFileType = text.xcconfig; name = "Pods-TestAuth.debug.xcconfig"; path = "Pods/Target Support Files/Pods-TestAuth/Pods-TestAuth.debug.xcconfig"; sourceTree = "<group>"; };
		1F7E9D795EC9C15D3C0219EA /* Pods_TestAuthTests.framework */ = {isa = PBXFileReference; explicitFileType = wrapper.framework; includeInIndex = 0; path = Pods_TestAuthTests.framework; sourceTree = BUILT_PRODUCTS_DIR; };
		3E9A1303364196766574004B /* Pods-TestAuthTests.debug.xcconfig */ = {isa = PBXFileReference; includeInIndex = 1; lastKnownFileType = text.xcconfig; name = "Pods-TestAuthTests.debug.xcconfig"; path = "Pods/Target Support Files/Pods-TestAuthTests/Pods-TestAuthTests.debug.xcconfig"; sourceTree = "<group>"; };
		63A1731C278A0CF7DA8314ED /* Pods-TestAuth.release.xcconfig */ = {isa = PBXFileReference; includeInIndex = 1; lastKnownFileType = text.xcconfig; name = "Pods-TestAuth.release.xcconfig"; path = "Pods/Target Support Files/Pods-TestAuth/Pods-TestAuth.release.xcconfig"; sourceTree = "<group>"; };
		756267B5CF14E3820494B069 /* Pods-TestAuthUITests.debug.xcconfig */ = {isa = PBXFileReference; includeInIndex = 1; lastKnownFileType = text.xcconfig; name = "Pods-TestAuthUITests.debug.xcconfig"; path = "Pods/Target Support Files/Pods-TestAuthUITests/Pods-TestAuthUITests.debug.xcconfig"; sourceTree = "<group>"; };
		A732C4D82D92A966621E5EFA /* Pods-TestAuthTests.release.xcconfig */ = {isa = PBXFileReference; includeInIndex = 1; lastKnownFileType = text.xcconfig; name = "Pods-TestAuthTests.release.xcconfig"; path = "Pods/Target Support Files/Pods-TestAuthTests/Pods-TestAuthTests.release.xcconfig"; sourceTree = "<group>"; };
		B45BDBD11F20E1EA004F1D53 /* TestAuth.app */ = {isa = PBXFileReference; explicitFileType = wrapper.application; includeInIndex = 0; path = TestAuth.app; sourceTree = BUILT_PRODUCTS_DIR; };
		B45BDBD41F20E1EA004F1D53 /* AppDelegate.swift */ = {isa = PBXFileReference; lastKnownFileType = sourcecode.swift; path = AppDelegate.swift; sourceTree = "<group>"; };
		B45BDBDB1F20E1EA004F1D53 /* Assets.xcassets */ = {isa = PBXFileReference; lastKnownFileType = folder.assetcatalog; path = Assets.xcassets; sourceTree = "<group>"; };
		B45BDBDE1F20E1EA004F1D53 /* Base */ = {isa = PBXFileReference; lastKnownFileType = file.storyboard; name = Base; path = Base.lproj/LaunchScreen.storyboard; sourceTree = "<group>"; };
		B45BDBE01F20E1EA004F1D53 /* Info.plist */ = {isa = PBXFileReference; lastKnownFileType = text.plist.xml; path = Info.plist; sourceTree = "<group>"; };
		B45BDBE51F20E1EB004F1D53 /* TestAuthTests.xctest */ = {isa = PBXFileReference; explicitFileType = wrapper.cfbundle; includeInIndex = 0; path = TestAuthTests.xctest; sourceTree = BUILT_PRODUCTS_DIR; };
		B45BDBE91F20E1EB004F1D53 /* TestAuthTests.swift */ = {isa = PBXFileReference; lastKnownFileType = sourcecode.swift; path = TestAuthTests.swift; sourceTree = "<group>"; };
		B45BDBEB1F20E1EB004F1D53 /* Info.plist */ = {isa = PBXFileReference; lastKnownFileType = text.plist.xml; path = Info.plist; sourceTree = "<group>"; };
		B45BDBF01F20E1EB004F1D53 /* TestAuthUITests.xctest */ = {isa = PBXFileReference; explicitFileType = wrapper.cfbundle; includeInIndex = 0; path = TestAuthUITests.xctest; sourceTree = BUILT_PRODUCTS_DIR; };
		B45BDBF41F20E1EB004F1D53 /* TestAuthUITests.swift */ = {isa = PBXFileReference; lastKnownFileType = sourcecode.swift; path = TestAuthUITests.swift; sourceTree = "<group>"; };
		B45BDBF61F20E1EB004F1D53 /* Info.plist */ = {isa = PBXFileReference; lastKnownFileType = text.plist.xml; path = Info.plist; sourceTree = "<group>"; };
		B45BDC0A1F20E483004F1D53 /* Routing.swift */ = {isa = PBXFileReference; lastKnownFileType = sourcecode.swift; path = Routing.swift; sourceTree = "<group>"; };
		B45BDC0D1F20E53D004F1D53 /* Colorable.swift */ = {isa = PBXFileReference; lastKnownFileType = sourcecode.swift; path = Colorable.swift; sourceTree = "<group>"; };
		B45BDC101F20E55C004F1D53 /* DisposeBagProvider.swift */ = {isa = PBXFileReference; lastKnownFileType = sourcecode.swift; path = DisposeBagProvider.swift; sourceTree = "<group>"; };
		B45BDC131F20E574004F1D53 /* NotificationDescriptable.swift */ = {isa = PBXFileReference; lastKnownFileType = sourcecode.swift; path = NotificationDescriptable.swift; sourceTree = "<group>"; };
		B45BDC151F20E61D004F1D53 /* Default-568h@2x.png */ = {isa = PBXFileReference; lastKnownFileType = image.png; path = "Default-568h@2x.png"; sourceTree = "<group>"; };
		B45BDC171F20E694004F1D53 /* RootViewController.swift */ = {isa = PBXFileReference; lastKnownFileType = sourcecode.swift; path = RootViewController.swift; sourceTree = "<group>"; };
		B45BDC191F20E6A5004F1D53 /* RootViewModel.swift */ = {isa = PBXFileReference; lastKnownFileType = sourcecode.swift; path = RootViewModel.swift; sourceTree = "<group>"; };
		B45BDC1C1F20E7EC004F1D53 /* UIViewController+Rx.swift */ = {isa = PBXFileReference; lastKnownFileType = sourcecode.swift; path = "UIViewController+Rx.swift"; sourceTree = "<group>"; };
		B45BDC1E1F20E803004F1D53 /* UIViewController.swift */ = {isa = PBXFileReference; lastKnownFileType = sourcecode.swift; path = UIViewController.swift; sourceTree = "<group>"; };
		B45BDC211F20E830004F1D53 /* RxMoyaProvider+DisposeBag.swift */ = {isa = PBXFileReference; lastKnownFileType = sourcecode.swift; path = "RxMoyaProvider+DisposeBag.swift"; sourceTree = "<group>"; };
		B45BDC241F20E869004F1D53 /* AnyObserver.swift */ = {isa = PBXFileReference; lastKnownFileType = sourcecode.swift; path = AnyObserver.swift; sourceTree = "<group>"; };
		B45BDC271F20E894004F1D53 /* Observable.swift */ = {isa = PBXFileReference; lastKnownFileType = sourcecode.swift; path = Observable.swift; sourceTree = "<group>"; };
		B45BDC2A1F20F070004F1D53 /* NavigationViewController.swift */ = {isa = PBXFileReference; lastKnownFileType = sourcecode.swift; path = NavigationViewController.swift; sourceTree = "<group>"; };
		B45BDC2C1F20F07B004F1D53 /* NavigationViewModel.swift */ = {isa = PBXFileReference; lastKnownFileType = sourcecode.swift; path = NavigationViewModel.swift; sourceTree = "<group>"; };
		B45BDC2F1F20F3D3004F1D53 /* PreAuthViewController.swift */ = {isa = PBXFileReference; lastKnownFileType = sourcecode.swift; path = PreAuthViewController.swift; sourceTree = "<group>"; };
		B45BDC311F20F3DC004F1D53 /* PreAuthViewModel.swift */ = {isa = PBXFileReference; lastKnownFileType = sourcecode.swift; path = PreAuthViewModel.swift; sourceTree = "<group>"; };
		B45BDC331F20F5D0004F1D53 /* Palette.swift */ = {isa = PBXFileReference; lastKnownFileType = sourcecode.swift; path = Palette.swift; sourceTree = "<group>"; };
		B45BDC351F20F5E1004F1D53 /* Style.swift */ = {isa = PBXFileReference; lastKnownFileType = sourcecode.swift; path = Style.swift; sourceTree = "<group>"; };
		B45BDC371F210022004F1D53 /* PreAuthNode.swift */ = {isa = PBXFileReference; lastKnownFileType = sourcecode.swift; path = PreAuthNode.swift; sourceTree = "<group>"; };
		B45BDC3A1F210612004F1D53 /* AuthViewController.swift */ = {isa = PBXFileReference; lastKnownFileType = sourcecode.swift; path = AuthViewController.swift; sourceTree = "<group>"; };
		B45BDC3C1F21061D004F1D53 /* AuthViewModel.swift */ = {isa = PBXFileReference; lastKnownFileType = sourcecode.swift; path = AuthViewModel.swift; sourceTree = "<group>"; };
		B45BDC3E1F210629004F1D53 /* AuthNode.swift */ = {isa = PBXFileReference; lastKnownFileType = sourcecode.swift; path = AuthNode.swift; sourceTree = "<group>"; };
		B465BE6A1F2533740095D246 /* Api.swift */ = {isa = PBXFileReference; lastKnownFileType = sourcecode.swift; path = Api.swift; sourceTree = "<group>"; };
		B465BE6C1F25339E0095D246 /* NetworkService.swift */ = {isa = PBXFileReference; lastKnownFileType = sourcecode.swift; path = NetworkService.swift; sourceTree = "<group>"; };
		B465BE6F1F2533FE0095D246 /* Strategy.swift */ = {isa = PBXFileReference; lastKnownFileType = sourcecode.swift; path = Strategy.swift; sourceTree = "<group>"; };
		B465BE711F25342F0095D246 /* StrategyWeather.swift */ = {isa = PBXFileReference; lastKnownFileType = sourcecode.swift; path = StrategyWeather.swift; sourceTree = "<group>"; };
		B465BE731F2538A00095D246 /* AlertAction.swift */ = {isa = PBXFileReference; lastKnownFileType = sourcecode.swift; path = AlertAction.swift; sourceTree = "<group>"; };
		B465BE751F2538B70095D246 /* AlertTitle.swift */ = {isa = PBXFileReference; lastKnownFileType = sourcecode.swift; path = AlertTitle.swift; sourceTree = "<group>"; };
		B465BE771F253C3F0095D246 /* AuthInputNode.swift */ = {isa = PBXFileReference; lastKnownFileType = sourcecode.swift; path = AuthInputNode.swift; sourceTree = "<group>"; };
		B48FD7B41F2374A90043C0A3 /* Fonts.swift */ = {isa = PBXFileReference; lastKnownFileType = sourcecode.swift; path = Fonts.swift; sourceTree = "<group>"; };
		B48FD7B71F2374BE0043C0A3 /* Fontable.swift */ = {isa = PBXFileReference; lastKnownFileType = sourcecode.swift; path = Fontable.swift; sourceTree = "<group>"; };
		B48FD7B91F23750D0043C0A3 /* StringAttributes.swift */ = {isa = PBXFileReference; lastKnownFileType = sourcecode.swift; path = StringAttributes.swift; sourceTree = "<group>"; };
		B48FD7BC1F248D210043C0A3 /* DispatchQueue.swift */ = {isa = PBXFileReference; lastKnownFileType = sourcecode.swift; path = DispatchQueue.swift; sourceTree = "<group>"; };
		B48FD7C01F2499200043C0A3 /* RegisterViewController.swift */ = {isa = PBXFileReference; lastKnownFileType = sourcecode.swift; path = RegisterViewController.swift; sourceTree = "<group>"; };
		B48FD7C31F24A5420043C0A3 /* Texture+Rx.swift */ = {isa = PBXFileReference; lastKnownFileType = sourcecode.swift; path = "Texture+Rx.swift"; sourceTree = "<group>"; };
		B48FD7C51F24AA100043C0A3 /* RegisterNode.swift */ = {isa = PBXFileReference; lastKnownFileType = sourcecode.swift; path = RegisterNode.swift; sourceTree = "<group>"; };
		B48FD7C71F24AB410043C0A3 /* RegisterViewModel.swift */ = {isa = PBXFileReference; lastKnownFileType = sourcecode.swift; path = RegisterViewModel.swift; sourceTree = "<group>"; };
		B48FD7C91F24D3690043C0A3 /* ResetPasswordViewController.swift */ = {isa = PBXFileReference; lastKnownFileType = sourcecode.swift; path = ResetPasswordViewController.swift; sourceTree = "<group>"; };
		B48FD7CB1F24D41C0043C0A3 /* ResetPasswordNode.swift */ = {isa = PBXFileReference; lastKnownFileType = sourcecode.swift; path = ResetPasswordNode.swift; sourceTree = "<group>"; };
		B48FD7CD1F24D45D0043C0A3 /* ResetPasswordViewModel.swift */ = {isa = PBXFileReference; lastKnownFileType = sourcecode.swift; path = ResetPasswordViewModel.swift; sourceTree = "<group>"; };
		CC76E40EED95CA32BF8163E4 /* Pods_TestAuth.framework */ = {isa = PBXFileReference; explicitFileType = wrapper.framework; includeInIndex = 0; path = Pods_TestAuth.framework; sourceTree = BUILT_PRODUCTS_DIR; };
		E8D5E741C8C372DCDA68542E /* Pods-TestAuthUITests.release.xcconfig */ = {isa = PBXFileReference; includeInIndex = 1; lastKnownFileType = text.xcconfig; name = "Pods-TestAuthUITests.release.xcconfig"; path = "Pods/Target Support Files/Pods-TestAuthUITests/Pods-TestAuthUITests.release.xcconfig"; sourceTree = "<group>"; };
		F83B3999888C147B11C1B818 /* Pods_TestAuthUITests.framework */ = {isa = PBXFileReference; explicitFileType = wrapper.framework; includeInIndex = 0; path = Pods_TestAuthUITests.framework; sourceTree = BUILT_PRODUCTS_DIR; };
/* End PBXFileReference section */

/* Begin PBXFrameworksBuildPhase section */
		B45BDBCE1F20E1EA004F1D53 /* Frameworks */ = {
			isa = PBXFrameworksBuildPhase;
			buildActionMask = 2147483647;
			files = (
				E4B724F9AA500F2DF3DC13D6 /* Pods_TestAuth.framework in Frameworks */,
			);
			runOnlyForDeploymentPostprocessing = 0;
		};
		B45BDBE21F20E1EA004F1D53 /* Frameworks */ = {
			isa = PBXFrameworksBuildPhase;
			buildActionMask = 2147483647;
			files = (
				6F67F2C5E0652390531836B4 /* Pods_TestAuthTests.framework in Frameworks */,
			);
			runOnlyForDeploymentPostprocessing = 0;
		};
		B45BDBED1F20E1EB004F1D53 /* Frameworks */ = {
			isa = PBXFrameworksBuildPhase;
			buildActionMask = 2147483647;
			files = (
				EFC46CA24B62B6C03FE33167 /* Pods_TestAuthUITests.framework in Frameworks */,
			);
			runOnlyForDeploymentPostprocessing = 0;
		};
/* End PBXFrameworksBuildPhase section */

/* Begin PBXGroup section */
		B45BDBC81F20E1EA004F1D53 = {
			isa = PBXGroup;
			children = (
				B45BDBD31F20E1EA004F1D53 /* TestAuth */,
				B45BDBE81F20E1EB004F1D53 /* TestAuthTests */,
				B45BDBF31F20E1EB004F1D53 /* TestAuthUITests */,
				B45BDBD21F20E1EA004F1D53 /* Products */,
				CBB170FEB6B40A9CA3AD7E34 /* Pods */,
				E0715137D65A86AB38E2C59D /* Frameworks */,
			);
			sourceTree = "<group>";
		};
		B45BDBD21F20E1EA004F1D53 /* Products */ = {
			isa = PBXGroup;
			children = (
				B45BDBD11F20E1EA004F1D53 /* TestAuth.app */,
				B45BDBE51F20E1EB004F1D53 /* TestAuthTests.xctest */,
				B45BDBF01F20E1EB004F1D53 /* TestAuthUITests.xctest */,
			);
			name = Products;
			sourceTree = "<group>";
		};
		B45BDBD31F20E1EA004F1D53 /* TestAuth */ = {
			isa = PBXGroup;
			children = (
				B45BDC021F20E371004F1D53 /* Files */,
				B45BDC031F20E384004F1D53 /* Supporting Files */,
			);
			path = TestAuth;
			sourceTree = "<group>";
		};
		B45BDBE81F20E1EB004F1D53 /* TestAuthTests */ = {
			isa = PBXGroup;
			children = (
				B45BDBE91F20E1EB004F1D53 /* TestAuthTests.swift */,
				B45BDBEB1F20E1EB004F1D53 /* Info.plist */,
			);
			path = TestAuthTests;
			sourceTree = "<group>";
		};
		B45BDBF31F20E1EB004F1D53 /* TestAuthUITests */ = {
			isa = PBXGroup;
			children = (
				B45BDBF41F20E1EB004F1D53 /* TestAuthUITests.swift */,
				B45BDBF61F20E1EB004F1D53 /* Info.plist */,
			);
			path = TestAuthUITests;
			sourceTree = "<group>";
		};
		B45BDC021F20E371004F1D53 /* Files */ = {
			isa = PBXGroup;
			children = (
				B465BE691F2533610095D246 /* Network */,
				B45BDC091F20E458004F1D53 /* Styles */,
				B45BDC081F20E450004F1D53 /* Screens */,
				B45BDC071F20E431004F1D53 /* Protocols */,
				B45BDC061F20E42B004F1D53 /* Routing */,
				B45BDC051F20E425004F1D53 /* Extra */,
				B45BDC041F20E416004F1D53 /* Extensions */,
				B45BDBD41F20E1EA004F1D53 /* AppDelegate.swift */,
			);
			path = Files;
			sourceTree = "<group>";
		};
		B45BDC031F20E384004F1D53 /* Supporting Files */ = {
			isa = PBXGroup;
			children = (
				B45BDC151F20E61D004F1D53 /* Default-568h@2x.png */,
				B45BDBDB1F20E1EA004F1D53 /* Assets.xcassets */,
				B45BDBDD1F20E1EA004F1D53 /* LaunchScreen.storyboard */,
				B45BDBE01F20E1EA004F1D53 /* Info.plist */,
			);
			path = "Supporting Files";
			sourceTree = "<group>";
		};
		B45BDC041F20E416004F1D53 /* Extensions */ = {
			isa = PBXGroup;
			children = (
				B48FD7C21F24A52E0043C0A3 /* Texture+Rx */,
				B48FD7BB1F248D1B0043C0A3 /* DispatchQueue */,
				B45BDC261F20E889004F1D53 /* Rx */,
				B45BDC231F20E85F004F1D53 /* AnyObserver */,
				B45BDC201F20E825004F1D53 /* RxMoyaProvider */,
				B45BDC1B1F20E7D7004F1D53 /* ViewController */,
			);
			path = Extensions;
			sourceTree = "<group>";
		};
		B45BDC051F20E425004F1D53 /* Extra */ = {
			isa = PBXGroup;
			children = (
				B465BE731F2538A00095D246 /* AlertAction.swift */,
				B465BE751F2538B70095D246 /* AlertTitle.swift */,
			);
			path = Extra;
			sourceTree = "<group>";
		};
		B45BDC061F20E42B004F1D53 /* Routing */ = {
			isa = PBXGroup;
			children = (
				B45BDC0A1F20E483004F1D53 /* Routing.swift */,
			);
			path = Routing;
			sourceTree = "<group>";
		};
		B45BDC071F20E431004F1D53 /* Protocols */ = {
			isa = PBXGroup;
			children = (
				B465BE6E1F2533F10095D246 /* Strategy */,
				B48FD7B61F2374B30043C0A3 /* Fontable */,
				B45BDC121F20E56A004F1D53 /* NotificationDescriptable */,
				B45BDC0F1F20E554004F1D53 /* DisposeBagProvider */,
				B45BDC0C1F20E52F004F1D53 /* Colorable */,
			);
			path = Protocols;
			sourceTree = "<group>";
		};
		B45BDC081F20E450004F1D53 /* Screens */ = {
			isa = PBXGroup;
			children = (
				B45BDC161F20E673004F1D53 /* 0. Root */,
				B45BDC291F20F056004F1D53 /* 1. Navigation */,
				B45BDC2E1F20F3AE004F1D53 /* 2. PreAuth */,
				B45BDC391F2105BE004F1D53 /* 3. Auth */,
				B48FD7BE1F2498E00043C0A3 /* 4. Register */,
				B48FD7BF1F2499060043C0A3 /* 5. Reset Password */,
			);
			path = Screens;
			sourceTree = "<group>";
		};
		B45BDC091F20E458004F1D53 /* Styles */ = {
			isa = PBXGroup;
			children = (
				B45BDC331F20F5D0004F1D53 /* Palette.swift */,
				B45BDC351F20F5E1004F1D53 /* Style.swift */,
				B48FD7B41F2374A90043C0A3 /* Fonts.swift */,
				B48FD7B91F23750D0043C0A3 /* StringAttributes.swift */,
			);
			path = Styles;
			sourceTree = "<group>";
		};
		B45BDC0C1F20E52F004F1D53 /* Colorable */ = {
			isa = PBXGroup;
			children = (
				B45BDC0D1F20E53D004F1D53 /* Colorable.swift */,
			);
			path = Colorable;
			sourceTree = "<group>";
		};
		B45BDC0F1F20E554004F1D53 /* DisposeBagProvider */ = {
			isa = PBXGroup;
			children = (
				B45BDC101F20E55C004F1D53 /* DisposeBagProvider.swift */,
			);
			path = DisposeBagProvider;
			sourceTree = "<group>";
		};
		B45BDC121F20E56A004F1D53 /* NotificationDescriptable */ = {
			isa = PBXGroup;
			children = (
				B45BDC131F20E574004F1D53 /* NotificationDescriptable.swift */,
			);
			path = NotificationDescriptable;
			sourceTree = "<group>";
		};
		B45BDC161F20E673004F1D53 /* 0. Root */ = {
			isa = PBXGroup;
			children = (
				B45BDC171F20E694004F1D53 /* RootViewController.swift */,
				B45BDC191F20E6A5004F1D53 /* RootViewModel.swift */,
			);
			path = "0. Root";
			sourceTree = "<group>";
		};
		B45BDC1B1F20E7D7004F1D53 /* ViewController */ = {
			isa = PBXGroup;
			children = (
				B45BDC1C1F20E7EC004F1D53 /* UIViewController+Rx.swift */,
				B45BDC1E1F20E803004F1D53 /* UIViewController.swift */,
			);
			path = ViewController;
			sourceTree = "<group>";
		};
		B45BDC201F20E825004F1D53 /* RxMoyaProvider */ = {
			isa = PBXGroup;
			children = (
				B45BDC211F20E830004F1D53 /* RxMoyaProvider+DisposeBag.swift */,
			);
			path = RxMoyaProvider;
			sourceTree = "<group>";
		};
		B45BDC231F20E85F004F1D53 /* AnyObserver */ = {
			isa = PBXGroup;
			children = (
				B45BDC241F20E869004F1D53 /* AnyObserver.swift */,
			);
			path = AnyObserver;
			sourceTree = "<group>";
		};
		B45BDC261F20E889004F1D53 /* Rx */ = {
			isa = PBXGroup;
			children = (
				B45BDC271F20E894004F1D53 /* Observable.swift */,
			);
			path = Rx;
			sourceTree = "<group>";
		};
		B45BDC291F20F056004F1D53 /* 1. Navigation */ = {
			isa = PBXGroup;
			children = (
				B45BDC2A1F20F070004F1D53 /* NavigationViewController.swift */,
				B45BDC2C1F20F07B004F1D53 /* NavigationViewModel.swift */,
			);
			path = "1. Navigation";
			sourceTree = "<group>";
		};
		B45BDC2E1F20F3AE004F1D53 /* 2. PreAuth */ = {
			isa = PBXGroup;
			children = (
				B45BDC2F1F20F3D3004F1D53 /* PreAuthViewController.swift */,
				B45BDC311F20F3DC004F1D53 /* PreAuthViewModel.swift */,
				B45BDC371F210022004F1D53 /* PreAuthNode.swift */,
			);
			path = "2. PreAuth";
			sourceTree = "<group>";
		};
		B45BDC391F2105BE004F1D53 /* 3. Auth */ = {
			isa = PBXGroup;
			children = (
				B45BDC3A1F210612004F1D53 /* AuthViewController.swift */,
				B45BDC3C1F21061D004F1D53 /* AuthViewModel.swift */,
				B45BDC3E1F210629004F1D53 /* AuthNode.swift */,
				B465BE771F253C3F0095D246 /* AuthInputNode.swift */,
			);
			path = "3. Auth";
			sourceTree = "<group>";
		};
		B465BE691F2533610095D246 /* Network */ = {
			isa = PBXGroup;
			children = (
				B465BE6A1F2533740095D246 /* Api.swift */,
				B465BE6C1F25339E0095D246 /* NetworkService.swift */,
				B465BE711F25342F0095D246 /* StrategyWeather.swift */,
			);
			path = Network;
			sourceTree = "<group>";
		};
		B465BE6E1F2533F10095D246 /* Strategy */ = {
			isa = PBXGroup;
			children = (
				B465BE6F1F2533FE0095D246 /* Strategy.swift */,
			);
			path = Strategy;
			sourceTree = "<group>";
		};
		B48FD7B61F2374B30043C0A3 /* Fontable */ = {
			isa = PBXGroup;
			children = (
				B48FD7B71F2374BE0043C0A3 /* Fontable.swift */,
			);
			path = Fontable;
			sourceTree = "<group>";
		};
		B48FD7BB1F248D1B0043C0A3 /* DispatchQueue */ = {
			isa = PBXGroup;
			children = (
				B48FD7BC1F248D210043C0A3 /* DispatchQueue.swift */,
			);
			path = DispatchQueue;
			sourceTree = "<group>";
		};
		B48FD7BE1F2498E00043C0A3 /* 4. Register */ = {
			isa = PBXGroup;
			children = (
				B48FD7C01F2499200043C0A3 /* RegisterViewController.swift */,
				B48FD7C51F24AA100043C0A3 /* RegisterNode.swift */,
				B48FD7C71F24AB410043C0A3 /* RegisterViewModel.swift */,
			);
			path = "4. Register";
			sourceTree = "<group>";
		};
		B48FD7BF1F2499060043C0A3 /* 5. Reset Password */ = {
			isa = PBXGroup;
			children = (
				B48FD7C91F24D3690043C0A3 /* ResetPasswordViewController.swift */,
				B48FD7CB1F24D41C0043C0A3 /* ResetPasswordNode.swift */,
				B48FD7CD1F24D45D0043C0A3 /* ResetPasswordViewModel.swift */,
			);
			path = "5. Reset Password";
			sourceTree = "<group>";
		};
		B48FD7C21F24A52E0043C0A3 /* Texture+Rx */ = {
			isa = PBXGroup;
			children = (
				B48FD7C31F24A5420043C0A3 /* Texture+Rx.swift */,
			);
			path = "Texture+Rx";
			sourceTree = "<group>";
		};
		CBB170FEB6B40A9CA3AD7E34 /* Pods */ = {
			isa = PBXGroup;
			children = (
				1A60EBA46BD4B3538C497100 /* Pods-TestAuth.debug.xcconfig */,
				63A1731C278A0CF7DA8314ED /* Pods-TestAuth.release.xcconfig */,
				3E9A1303364196766574004B /* Pods-TestAuthTests.debug.xcconfig */,
				A732C4D82D92A966621E5EFA /* Pods-TestAuthTests.release.xcconfig */,
				756267B5CF14E3820494B069 /* Pods-TestAuthUITests.debug.xcconfig */,
				E8D5E741C8C372DCDA68542E /* Pods-TestAuthUITests.release.xcconfig */,
			);
			name = Pods;
			sourceTree = "<group>";
		};
		E0715137D65A86AB38E2C59D /* Frameworks */ = {
			isa = PBXGroup;
			children = (
				CC76E40EED95CA32BF8163E4 /* Pods_TestAuth.framework */,
				1F7E9D795EC9C15D3C0219EA /* Pods_TestAuthTests.framework */,
				F83B3999888C147B11C1B818 /* Pods_TestAuthUITests.framework */,
			);
			name = Frameworks;
			sourceTree = "<group>";
		};
/* End PBXGroup section */

/* Begin PBXNativeTarget section */
		B45BDBD01F20E1EA004F1D53 /* TestAuth */ = {
			isa = PBXNativeTarget;
			buildConfigurationList = B45BDBF91F20E1EB004F1D53 /* Build configuration list for PBXNativeTarget "TestAuth" */;
			buildPhases = (
				51DE49888DDEC764302ABCE9 /* [CP] Check Pods Manifest.lock */,
				B45BDBCD1F20E1EA004F1D53 /* Sources */,
				B45BDBCE1F20E1EA004F1D53 /* Frameworks */,
				B45BDBCF1F20E1EA004F1D53 /* Resources */,
				7A8BB3A2973783E81CB21C3F /* [CP] Embed Pods Frameworks */,
				6DE09275E5A5B8DC9B238A3C /* [CP] Copy Pods Resources */,
			);
			buildRules = (
			);
			dependencies = (
			);
			name = TestAuth;
			productName = TestAuth;
			productReference = B45BDBD11F20E1EA004F1D53 /* TestAuth.app */;
			productType = "com.apple.product-type.application";
		};
		B45BDBE41F20E1EA004F1D53 /* TestAuthTests */ = {
			isa = PBXNativeTarget;
			buildConfigurationList = B45BDBFC1F20E1EB004F1D53 /* Build configuration list for PBXNativeTarget "TestAuthTests" */;
			buildPhases = (
				00674AEE44098685CF7D17C3 /* [CP] Check Pods Manifest.lock */,
				B45BDBE11F20E1EA004F1D53 /* Sources */,
				B45BDBE21F20E1EA004F1D53 /* Frameworks */,
				B45BDBE31F20E1EA004F1D53 /* Resources */,
				663088F43A669739342078FA /* [CP] Embed Pods Frameworks */,
				154FD72915974931CC22176E /* [CP] Copy Pods Resources */,
			);
			buildRules = (
			);
			dependencies = (
				B45BDBE71F20E1EB004F1D53 /* PBXTargetDependency */,
			);
			name = TestAuthTests;
			productName = TestAuthTests;
			productReference = B45BDBE51F20E1EB004F1D53 /* TestAuthTests.xctest */;
			productType = "com.apple.product-type.bundle.unit-test";
		};
		B45BDBEF1F20E1EB004F1D53 /* TestAuthUITests */ = {
			isa = PBXNativeTarget;
			buildConfigurationList = B45BDBFF1F20E1EB004F1D53 /* Build configuration list for PBXNativeTarget "TestAuthUITests" */;
			buildPhases = (
				ADF8E16831379317CF20AED5 /* [CP] Check Pods Manifest.lock */,
				B45BDBEC1F20E1EB004F1D53 /* Sources */,
				B45BDBED1F20E1EB004F1D53 /* Frameworks */,
				B45BDBEE1F20E1EB004F1D53 /* Resources */,
				2E2E20E5C57FC56DBA382451 /* [CP] Embed Pods Frameworks */,
				553E0B3A3EB337EC39209994 /* [CP] Copy Pods Resources */,
			);
			buildRules = (
			);
			dependencies = (
				B45BDBF21F20E1EB004F1D53 /* PBXTargetDependency */,
			);
			name = TestAuthUITests;
			productName = TestAuthUITests;
			productReference = B45BDBF01F20E1EB004F1D53 /* TestAuthUITests.xctest */;
			productType = "com.apple.product-type.bundle.ui-testing";
		};
/* End PBXNativeTarget section */

/* Begin PBXProject section */
		B45BDBC91F20E1EA004F1D53 /* Project object */ = {
			isa = PBXProject;
			attributes = {
				LastSwiftUpdateCheck = 0900;
				LastUpgradeCheck = 0900;
				ORGANIZATIONNAME = "Denis Bezrukov";
				TargetAttributes = {
					B45BDBD01F20E1EA004F1D53 = {
						CreatedOnToolsVersion = 9.0;
					};
					B45BDBE41F20E1EA004F1D53 = {
						CreatedOnToolsVersion = 9.0;
						TestTargetID = B45BDBD01F20E1EA004F1D53;
					};
					B45BDBEF1F20E1EB004F1D53 = {
						CreatedOnToolsVersion = 9.0;
						TestTargetID = B45BDBD01F20E1EA004F1D53;
					};
				};
			};
			buildConfigurationList = B45BDBCC1F20E1EA004F1D53 /* Build configuration list for PBXProject "TestAuth" */;
			compatibilityVersion = "Xcode 8.0";
			developmentRegion = en;
			hasScannedForEncodings = 0;
			knownRegions = (
				en,
				Base,
			);
			mainGroup = B45BDBC81F20E1EA004F1D53;
			productRefGroup = B45BDBD21F20E1EA004F1D53 /* Products */;
			projectDirPath = "";
			projectRoot = "";
			targets = (
				B45BDBD01F20E1EA004F1D53 /* TestAuth */,
				B45BDBE41F20E1EA004F1D53 /* TestAuthTests */,
				B45BDBEF1F20E1EB004F1D53 /* TestAuthUITests */,
			);
		};
/* End PBXProject section */

/* Begin PBXResourcesBuildPhase section */
		B45BDBCF1F20E1EA004F1D53 /* Resources */ = {
			isa = PBXResourcesBuildPhase;
			buildActionMask = 2147483647;
			files = (
				B45BDBDF1F20E1EA004F1D53 /* LaunchScreen.storyboard in Resources */,
				B45BDBDC1F20E1EA004F1D53 /* Assets.xcassets in Resources */,
			);
			runOnlyForDeploymentPostprocessing = 0;
		};
		B45BDBE31F20E1EA004F1D53 /* Resources */ = {
			isa = PBXResourcesBuildPhase;
			buildActionMask = 2147483647;
			files = (
			);
			runOnlyForDeploymentPostprocessing = 0;
		};
		B45BDBEE1F20E1EB004F1D53 /* Resources */ = {
			isa = PBXResourcesBuildPhase;
			buildActionMask = 2147483647;
			files = (
			);
			runOnlyForDeploymentPostprocessing = 0;
		};
/* End PBXResourcesBuildPhase section */

/* Begin PBXShellScriptBuildPhase section */
		00674AEE44098685CF7D17C3 /* [CP] Check Pods Manifest.lock */ = {
			isa = PBXShellScriptBuildPhase;
			buildActionMask = 2147483647;
			files = (
			);
			inputPaths = (
			);
			name = "[CP] Check Pods Manifest.lock";
			outputPaths = (
			);
			runOnlyForDeploymentPostprocessing = 0;
			shellPath = /bin/sh;
			shellScript = "diff \"${PODS_ROOT}/../Podfile.lock\" \"${PODS_ROOT}/Manifest.lock\" > /dev/null\nif [ $? != 0 ] ; then\n    # print error to STDERR\n    echo \"error: The sandbox is not in sync with the Podfile.lock. Run 'pod install' or update your CocoaPods installation.\" >&2\n    exit 1\nfi\n";
			showEnvVarsInLog = 0;
		};
		154FD72915974931CC22176E /* [CP] Copy Pods Resources */ = {
			isa = PBXShellScriptBuildPhase;
			buildActionMask = 2147483647;
			files = (
			);
			inputPaths = (
			);
			name = "[CP] Copy Pods Resources";
			outputPaths = (
			);
			runOnlyForDeploymentPostprocessing = 0;
			shellPath = /bin/sh;
			shellScript = "\"${SRCROOT}/Pods/Target Support Files/Pods-TestAuthTests/Pods-TestAuthTests-resources.sh\"\n";
			showEnvVarsInLog = 0;
		};
		2E2E20E5C57FC56DBA382451 /* [CP] Embed Pods Frameworks */ = {
			isa = PBXShellScriptBuildPhase;
			buildActionMask = 2147483647;
			files = (
			);
			inputPaths = (
			);
			name = "[CP] Embed Pods Frameworks";
			outputPaths = (
			);
			runOnlyForDeploymentPostprocessing = 0;
			shellPath = /bin/sh;
			shellScript = "\"${SRCROOT}/Pods/Target Support Files/Pods-TestAuthUITests/Pods-TestAuthUITests-frameworks.sh\"\n";
			showEnvVarsInLog = 0;
		};
		51DE49888DDEC764302ABCE9 /* [CP] Check Pods Manifest.lock */ = {
			isa = PBXShellScriptBuildPhase;
			buildActionMask = 2147483647;
			files = (
			);
			inputPaths = (
			);
			name = "[CP] Check Pods Manifest.lock";
			outputPaths = (
			);
			runOnlyForDeploymentPostprocessing = 0;
			shellPath = /bin/sh;
			shellScript = "diff \"${PODS_ROOT}/../Podfile.lock\" \"${PODS_ROOT}/Manifest.lock\" > /dev/null\nif [ $? != 0 ] ; then\n    # print error to STDERR\n    echo \"error: The sandbox is not in sync with the Podfile.lock. Run 'pod install' or update your CocoaPods installation.\" >&2\n    exit 1\nfi\n";
			showEnvVarsInLog = 0;
		};
		553E0B3A3EB337EC39209994 /* [CP] Copy Pods Resources */ = {
			isa = PBXShellScriptBuildPhase;
			buildActionMask = 2147483647;
			files = (
			);
			inputPaths = (
			);
			name = "[CP] Copy Pods Resources";
			outputPaths = (
			);
			runOnlyForDeploymentPostprocessing = 0;
			shellPath = /bin/sh;
			shellScript = "\"${SRCROOT}/Pods/Target Support Files/Pods-TestAuthUITests/Pods-TestAuthUITests-resources.sh\"\n";
			showEnvVarsInLog = 0;
		};
		663088F43A669739342078FA /* [CP] Embed Pods Frameworks */ = {
			isa = PBXShellScriptBuildPhase;
			buildActionMask = 2147483647;
			files = (
			);
			inputPaths = (
			);
			name = "[CP] Embed Pods Frameworks";
			outputPaths = (
			);
			runOnlyForDeploymentPostprocessing = 0;
			shellPath = /bin/sh;
			shellScript = "\"${SRCROOT}/Pods/Target Support Files/Pods-TestAuthTests/Pods-TestAuthTests-frameworks.sh\"\n";
			showEnvVarsInLog = 0;
		};
		6DE09275E5A5B8DC9B238A3C /* [CP] Copy Pods Resources */ = {
			isa = PBXShellScriptBuildPhase;
			buildActionMask = 2147483647;
			files = (
			);
			inputPaths = (
			);
			name = "[CP] Copy Pods Resources";
			outputPaths = (
			);
			runOnlyForDeploymentPostprocessing = 0;
			shellPath = /bin/sh;
			shellScript = "\"${SRCROOT}/Pods/Target Support Files/Pods-TestAuth/Pods-TestAuth-resources.sh\"\n";
			showEnvVarsInLog = 0;
		};
		7A8BB3A2973783E81CB21C3F /* [CP] Embed Pods Frameworks */ = {
			isa = PBXShellScriptBuildPhase;
			buildActionMask = 2147483647;
			files = (
			);
			inputPaths = (
			);
			name = "[CP] Embed Pods Frameworks";
			outputPaths = (
			);
			runOnlyForDeploymentPostprocessing = 0;
			shellPath = /bin/sh;
			shellScript = "\"${SRCROOT}/Pods/Target Support Files/Pods-TestAuth/Pods-TestAuth-frameworks.sh\"\n";
			showEnvVarsInLog = 0;
		};
		ADF8E16831379317CF20AED5 /* [CP] Check Pods Manifest.lock */ = {
			isa = PBXShellScriptBuildPhase;
			buildActionMask = 2147483647;
			files = (
			);
			inputPaths = (
			);
			name = "[CP] Check Pods Manifest.lock";
			outputPaths = (
			);
			runOnlyForDeploymentPostprocessing = 0;
			shellPath = /bin/sh;
			shellScript = "diff \"${PODS_ROOT}/../Podfile.lock\" \"${PODS_ROOT}/Manifest.lock\" > /dev/null\nif [ $? != 0 ] ; then\n    # print error to STDERR\n    echo \"error: The sandbox is not in sync with the Podfile.lock. Run 'pod install' or update your CocoaPods installation.\" >&2\n    exit 1\nfi\n";
			showEnvVarsInLog = 0;
		};
/* End PBXShellScriptBuildPhase section */

/* Begin PBXSourcesBuildPhase section */
		B45BDBCD1F20E1EA004F1D53 /* Sources */ = {
			isa = PBXSourcesBuildPhase;
			buildActionMask = 2147483647;
			files = (
				B48FD7C11F2499200043C0A3 /* RegisterViewController.swift in Sources */,
				B48FD7C81F24AB410043C0A3 /* RegisterViewModel.swift in Sources */,
				B45BDC341F20F5D0004F1D53 /* Palette.swift in Sources */,
				B45BDC0E1F20E53D004F1D53 /* Colorable.swift in Sources */,
				B45BDC2B1F20F070004F1D53 /* NavigationViewController.swift in Sources */,
				B48FD7CE1F24D45D0043C0A3 /* ResetPasswordViewModel.swift in Sources */,
				B465BE781F253C3F0095D246 /* AuthInputNode.swift in Sources */,
				B45BDC221F20E830004F1D53 /* RxMoyaProvider+DisposeBag.swift in Sources */,
				B48FD7CA1F24D3690043C0A3 /* ResetPasswordViewController.swift in Sources */,
				B48FD7B81F2374BE0043C0A3 /* Fontable.swift in Sources */,
				B45BDC141F20E574004F1D53 /* NotificationDescriptable.swift in Sources */,
				B45BDC381F210022004F1D53 /* PreAuthNode.swift in Sources */,
				B45BDC1F1F20E803004F1D53 /* UIViewController.swift in Sources */,
				B45BDC281F20E894004F1D53 /* Observable.swift in Sources */,
				B45BDC361F20F5E1004F1D53 /* Style.swift in Sources */,
				B45BDC321F20F3DC004F1D53 /* PreAuthViewModel.swift in Sources */,
				B48FD7CC1F24D41C0043C0A3 /* ResetPasswordNode.swift in Sources */,
				B465BE721F25342F0095D246 /* StrategyWeather.swift in Sources */,
				B48FD7BD1F248D210043C0A3 /* DispatchQueue.swift in Sources */,
				B465BE741F2538A00095D246 /* AlertAction.swift in Sources */,
				B48FD7B51F2374A90043C0A3 /* Fonts.swift in Sources */,
				B45BDC301F20F3D3004F1D53 /* PreAuthViewController.swift in Sources */,
				B45BDC181F20E694004F1D53 /* RootViewController.swift in Sources */,
				B465BE6D1F25339E0095D246 /* NetworkService.swift in Sources */,
				B48FD7C61F24AA100043C0A3 /* RegisterNode.swift in Sources */,
				B45BDC3B1F210612004F1D53 /* AuthViewController.swift in Sources */,
				B465BE761F2538B70095D246 /* AlertTitle.swift in Sources */,
				B465BE6B1F2533740095D246 /* Api.swift in Sources */,
				B48FD7C41F24A5420043C0A3 /* Texture+Rx.swift in Sources */,
				B45BDC111F20E55C004F1D53 /* DisposeBagProvider.swift in Sources */,
				B45BDBD51F20E1EA004F1D53 /* AppDelegate.swift in Sources */,
				B45BDC251F20E869004F1D53 /* AnyObserver.swift in Sources */,
				B45BDC2D1F20F07B004F1D53 /* NavigationViewModel.swift in Sources */,
				B45BDC3F1F210629004F1D53 /* AuthNode.swift in Sources */,
				B48FD7BA1F23750D0043C0A3 /* StringAttributes.swift in Sources */,
				B45BDC3D1F21061D004F1D53 /* AuthViewModel.swift in Sources */,
				B465BE701F2533FE0095D246 /* Strategy.swift in Sources */,
				B45BDC1A1F20E6A5004F1D53 /* RootViewModel.swift in Sources */,
				B45BDC1D1F20E7EC004F1D53 /* UIViewController+Rx.swift in Sources */,
				B45BDC0B1F20E483004F1D53 /* Routing.swift in Sources */,
			);
			runOnlyForDeploymentPostprocessing = 0;
		};
		B45BDBE11F20E1EA004F1D53 /* Sources */ = {
			isa = PBXSourcesBuildPhase;
			buildActionMask = 2147483647;
			files = (
				B45BDBEA1F20E1EB004F1D53 /* TestAuthTests.swift in Sources */,
			);
			runOnlyForDeploymentPostprocessing = 0;
		};
		B45BDBEC1F20E1EB004F1D53 /* Sources */ = {
			isa = PBXSourcesBuildPhase;
			buildActionMask = 2147483647;
			files = (
				B45BDBF51F20E1EB004F1D53 /* TestAuthUITests.swift in Sources */,
			);
			runOnlyForDeploymentPostprocessing = 0;
		};
/* End PBXSourcesBuildPhase section */

/* Begin PBXTargetDependency section */
		B45BDBE71F20E1EB004F1D53 /* PBXTargetDependency */ = {
			isa = PBXTargetDependency;
			target = B45BDBD01F20E1EA004F1D53 /* TestAuth */;
			targetProxy = B45BDBE61F20E1EB004F1D53 /* PBXContainerItemProxy */;
		};
		B45BDBF21F20E1EB004F1D53 /* PBXTargetDependency */ = {
			isa = PBXTargetDependency;
			target = B45BDBD01F20E1EA004F1D53 /* TestAuth */;
			targetProxy = B45BDBF11F20E1EB004F1D53 /* PBXContainerItemProxy */;
		};
/* End PBXTargetDependency section */

/* Begin PBXVariantGroup section */
		B45BDBDD1F20E1EA004F1D53 /* LaunchScreen.storyboard */ = {
			isa = PBXVariantGroup;
			children = (
				B45BDBDE1F20E1EA004F1D53 /* Base */,
			);
			name = LaunchScreen.storyboard;
			sourceTree = "<group>";
		};
/* End PBXVariantGroup section */

/* Begin XCBuildConfiguration section */
		B45BDBF71F20E1EB004F1D53 /* Debug */ = {
			isa = XCBuildConfiguration;
			buildSettings = {
				ALWAYS_SEARCH_USER_PATHS = NO;
				CLANG_ANALYZER_NONNULL = YES;
				CLANG_ANALYZER_NUMBER_OBJECT_CONVERSION = YES_AGGRESSIVE;
				CLANG_CXX_LANGUAGE_STANDARD = "gnu++14";
				CLANG_CXX_LIBRARY = "libc++";
				CLANG_ENABLE_MODULES = YES;
				CLANG_ENABLE_OBJC_ARC = YES;
				CLANG_WARN_BLOCK_CAPTURE_AUTORELEASING = YES;
				CLANG_WARN_BOOL_CONVERSION = YES;
				CLANG_WARN_COMMA = YES;
				CLANG_WARN_CONSTANT_CONVERSION = YES;
				CLANG_WARN_DIRECT_OBJC_ISA_USAGE = YES_ERROR;
				CLANG_WARN_DOCUMENTATION_COMMENTS = YES;
				CLANG_WARN_EMPTY_BODY = YES;
				CLANG_WARN_ENUM_CONVERSION = YES;
				CLANG_WARN_INFINITE_RECURSION = YES;
				CLANG_WARN_INT_CONVERSION = YES;
				CLANG_WARN_NON_LITERAL_NULL_CONVERSION = YES;
				CLANG_WARN_OBJC_LITERAL_CONVERSION = YES;
				CLANG_WARN_OBJC_ROOT_CLASS = YES_ERROR;
				CLANG_WARN_RANGE_LOOP_ANALYSIS = YES;
				CLANG_WARN_STRICT_PROTOTYPES = YES;
				CLANG_WARN_SUSPICIOUS_MOVE = YES;
				CLANG_WARN_UNGUARDED_AVAILABILITY = YES_AGGRESSIVE;
				CLANG_WARN_UNREACHABLE_CODE = YES;
				CLANG_WARN__DUPLICATE_METHOD_MATCH = YES;
				CODE_SIGN_IDENTITY = "iPhone Developer";
				COPY_PHASE_STRIP = NO;
				DEBUG_INFORMATION_FORMAT = dwarf;
				ENABLE_STRICT_OBJC_MSGSEND = YES;
				ENABLE_TESTABILITY = YES;
				GCC_C_LANGUAGE_STANDARD = gnu11;
				GCC_DYNAMIC_NO_PIC = NO;
				GCC_NO_COMMON_BLOCKS = YES;
				GCC_OPTIMIZATION_LEVEL = 0;
				GCC_PREPROCESSOR_DEFINITIONS = (
					"DEBUG=1",
					"$(inherited)",
				);
				GCC_WARN_64_TO_32_BIT_CONVERSION = YES;
				GCC_WARN_ABOUT_RETURN_TYPE = YES_ERROR;
				GCC_WARN_UNDECLARED_SELECTOR = YES;
				GCC_WARN_UNINITIALIZED_AUTOS = YES_AGGRESSIVE;
				GCC_WARN_UNUSED_FUNCTION = YES;
				GCC_WARN_UNUSED_VARIABLE = YES;
				IPHONEOS_DEPLOYMENT_TARGET = 10.0;
				MTL_ENABLE_DEBUG_INFO = YES;
				ONLY_ACTIVE_ARCH = YES;
				SDKROOT = iphoneos;
				SWIFT_ACTIVE_COMPILATION_CONDITIONS = DEBUG;
				SWIFT_OPTIMIZATION_LEVEL = "-Onone";
			};
			name = Debug;
		};
		B45BDBF81F20E1EB004F1D53 /* Release */ = {
			isa = XCBuildConfiguration;
			buildSettings = {
				ALWAYS_SEARCH_USER_PATHS = NO;
				CLANG_ANALYZER_NONNULL = YES;
				CLANG_ANALYZER_NUMBER_OBJECT_CONVERSION = YES_AGGRESSIVE;
				CLANG_CXX_LANGUAGE_STANDARD = "gnu++14";
				CLANG_CXX_LIBRARY = "libc++";
				CLANG_ENABLE_MODULES = YES;
				CLANG_ENABLE_OBJC_ARC = YES;
				CLANG_WARN_BLOCK_CAPTURE_AUTORELEASING = YES;
				CLANG_WARN_BOOL_CONVERSION = YES;
				CLANG_WARN_COMMA = YES;
				CLANG_WARN_CONSTANT_CONVERSION = YES;
				CLANG_WARN_DIRECT_OBJC_ISA_USAGE = YES_ERROR;
				CLANG_WARN_DOCUMENTATION_COMMENTS = YES;
				CLANG_WARN_EMPTY_BODY = YES;
				CLANG_WARN_ENUM_CONVERSION = YES;
				CLANG_WARN_INFINITE_RECURSION = YES;
				CLANG_WARN_INT_CONVERSION = YES;
				CLANG_WARN_NON_LITERAL_NULL_CONVERSION = YES;
				CLANG_WARN_OBJC_LITERAL_CONVERSION = YES;
				CLANG_WARN_OBJC_ROOT_CLASS = YES_ERROR;
				CLANG_WARN_RANGE_LOOP_ANALYSIS = YES;
				CLANG_WARN_STRICT_PROTOTYPES = YES;
				CLANG_WARN_SUSPICIOUS_MOVE = YES;
				CLANG_WARN_UNGUARDED_AVAILABILITY = YES_AGGRESSIVE;
				CLANG_WARN_UNREACHABLE_CODE = YES;
				CLANG_WARN__DUPLICATE_METHOD_MATCH = YES;
				CODE_SIGN_IDENTITY = "iPhone Developer";
				COPY_PHASE_STRIP = NO;
				DEBUG_INFORMATION_FORMAT = "dwarf-with-dsym";
				ENABLE_NS_ASSERTIONS = NO;
				ENABLE_STRICT_OBJC_MSGSEND = YES;
				GCC_C_LANGUAGE_STANDARD = gnu11;
				GCC_NO_COMMON_BLOCKS = YES;
				GCC_WARN_64_TO_32_BIT_CONVERSION = YES;
				GCC_WARN_ABOUT_RETURN_TYPE = YES_ERROR;
				GCC_WARN_UNDECLARED_SELECTOR = YES;
				GCC_WARN_UNINITIALIZED_AUTOS = YES_AGGRESSIVE;
				GCC_WARN_UNUSED_FUNCTION = YES;
				GCC_WARN_UNUSED_VARIABLE = YES;
				IPHONEOS_DEPLOYMENT_TARGET = 10.0;
				MTL_ENABLE_DEBUG_INFO = NO;
				SDKROOT = iphoneos;
				SWIFT_OPTIMIZATION_LEVEL = "-Owholemodule";
				VALIDATE_PRODUCT = YES;
			};
			name = Release;
		};
		B45BDBFA1F20E1EB004F1D53 /* Debug */ = {
			isa = XCBuildConfiguration;
			baseConfigurationReference = 1A60EBA46BD4B3538C497100 /* Pods-TestAuth.debug.xcconfig */;
			buildSettings = {
				ASSETCATALOG_COMPILER_APPICON_NAME = AppIcon;
				DEVELOPMENT_TEAM = E9VNW4TD6Q;
				INFOPLIST_FILE = "$(SRCROOT)/TestAuth/Supporting Files/Info.plist";
				LD_RUNPATH_SEARCH_PATHS = "$(inherited) @executable_path/Frameworks";
				PRODUCT_BUNDLE_IDENTIFIER = ru.aspirity.TestAuth;
				PRODUCT_NAME = "$(TARGET_NAME)";
				SWIFT_VERSION = 3.0;
				TARGETED_DEVICE_FAMILY = 1;
			};
			name = Debug;
		};
		B45BDBFB1F20E1EB004F1D53 /* Release */ = {
			isa = XCBuildConfiguration;
			baseConfigurationReference = 63A1731C278A0CF7DA8314ED /* Pods-TestAuth.release.xcconfig */;
			buildSettings = {
				ASSETCATALOG_COMPILER_APPICON_NAME = AppIcon;
				DEVELOPMENT_TEAM = E9VNW4TD6Q;
				INFOPLIST_FILE = "$(SRCROOT)/TestAuth/Supporting Files/Info.plist";
				LD_RUNPATH_SEARCH_PATHS = "$(inherited) @executable_path/Frameworks";
				PRODUCT_BUNDLE_IDENTIFIER = ru.aspirity.TestAuth;
				PRODUCT_NAME = "$(TARGET_NAME)";
				SWIFT_VERSION = 3.0;
				TARGETED_DEVICE_FAMILY = 1;
			};
			name = Release;
		};
		B45BDBFD1F20E1EB004F1D53 /* Debug */ = {
			isa = XCBuildConfiguration;
			baseConfigurationReference = 3E9A1303364196766574004B /* Pods-TestAuthTests.debug.xcconfig */;
			buildSettings = {
				ALWAYS_EMBED_SWIFT_STANDARD_LIBRARIES = YES;
				BUNDLE_LOADER = "$(TEST_HOST)";
				DEVELOPMENT_TEAM = E9VNW4TD6Q;
				INFOPLIST_FILE = TestAuthTests/Info.plist;
				LD_RUNPATH_SEARCH_PATHS = "$(inherited) @executable_path/Frameworks @loader_path/Frameworks";
				PRODUCT_BUNDLE_IDENTIFIER = ru.aspirity.TestAuthTests;
				PRODUCT_NAME = "$(TARGET_NAME)";
				SWIFT_VERSION = 4.0;
				TARGETED_DEVICE_FAMILY = "1,2";
				TEST_HOST = "$(BUILT_PRODUCTS_DIR)/TestAuth.app/TestAuth";
			};
			name = Debug;
		};
		B45BDBFE1F20E1EB004F1D53 /* Release */ = {
			isa = XCBuildConfiguration;
			baseConfigurationReference = A732C4D82D92A966621E5EFA /* Pods-TestAuthTests.release.xcconfig */;
			buildSettings = {
				ALWAYS_EMBED_SWIFT_STANDARD_LIBRARIES = YES;
				BUNDLE_LOADER = "$(TEST_HOST)";
				DEVELOPMENT_TEAM = E9VNW4TD6Q;
				INFOPLIST_FILE = TestAuthTests/Info.plist;
				LD_RUNPATH_SEARCH_PATHS = "$(inherited) @executable_path/Frameworks @loader_path/Frameworks";
				PRODUCT_BUNDLE_IDENTIFIER = ru.aspirity.TestAuthTests;
				PRODUCT_NAME = "$(TARGET_NAME)";
				SWIFT_VERSION = 4.0;
				TARGETED_DEVICE_FAMILY = "1,2";
				TEST_HOST = "$(BUILT_PRODUCTS_DIR)/TestAuth.app/TestAuth";
			};
			name = Release;
		};
		B45BDC001F20E1EB004F1D53 /* Debug */ = {
			isa = XCBuildConfiguration;
			baseConfigurationReference = 756267B5CF14E3820494B069 /* Pods-TestAuthUITests.debug.xcconfig */;
			buildSettings = {
				ALWAYS_EMBED_SWIFT_STANDARD_LIBRARIES = YES;
				DEVELOPMENT_TEAM = E9VNW4TD6Q;
				INFOPLIST_FILE = TestAuthUITests/Info.plist;
				LD_RUNPATH_SEARCH_PATHS = "$(inherited) @executable_path/Frameworks @loader_path/Frameworks";
				PRODUCT_BUNDLE_IDENTIFIER = ru.aspirity.TestAuthUITests;
				PRODUCT_NAME = "$(TARGET_NAME)";
				SWIFT_VERSION = 4.0;
				TARGETED_DEVICE_FAMILY = "1,2";
				TEST_TARGET_NAME = TestAuth;
			};
			name = Debug;
		};
		B45BDC011F20E1EB004F1D53 /* Release */ = {
			isa = XCBuildConfiguration;
			baseConfigurationReference = E8D5E741C8C372DCDA68542E /* Pods-TestAuthUITests.release.xcconfig */;
			buildSettings = {
				ALWAYS_EMBED_SWIFT_STANDARD_LIBRARIES = YES;
				DEVELOPMENT_TEAM = E9VNW4TD6Q;
				INFOPLIST_FILE = TestAuthUITests/Info.plist;
				LD_RUNPATH_SEARCH_PATHS = "$(inherited) @executable_path/Frameworks @loader_path/Frameworks";
				PRODUCT_BUNDLE_IDENTIFIER = ru.aspirity.TestAuthUITests;
				PRODUCT_NAME = "$(TARGET_NAME)";
				SWIFT_VERSION = 4.0;
				TARGETED_DEVICE_FAMILY = "1,2";
				TEST_TARGET_NAME = TestAuth;
			};
			name = Release;
		};
/* End XCBuildConfiguration section */

/* Begin XCConfigurationList section */
		B45BDBCC1F20E1EA004F1D53 /* Build configuration list for PBXProject "TestAuth" */ = {
			isa = XCConfigurationList;
			buildConfigurations = (
				B45BDBF71F20E1EB004F1D53 /* Debug */,
				B45BDBF81F20E1EB004F1D53 /* Release */,
			);
			defaultConfigurationIsVisible = 0;
			defaultConfigurationName = Release;
		};
		B45BDBF91F20E1EB004F1D53 /* Build configuration list for PBXNativeTarget "TestAuth" */ = {
			isa = XCConfigurationList;
			buildConfigurations = (
				B45BDBFA1F20E1EB004F1D53 /* Debug */,
				B45BDBFB1F20E1EB004F1D53 /* Release */,
			);
			defaultConfigurationIsVisible = 0;
			defaultConfigurationName = Release;
		};
		B45BDBFC1F20E1EB004F1D53 /* Build configuration list for PBXNativeTarget "TestAuthTests" */ = {
			isa = XCConfigurationList;
			buildConfigurations = (
				B45BDBFD1F20E1EB004F1D53 /* Debug */,
				B45BDBFE1F20E1EB004F1D53 /* Release */,
			);
			defaultConfigurationIsVisible = 0;
			defaultConfigurationName = Release;
		};
		B45BDBFF1F20E1EB004F1D53 /* Build configuration list for PBXNativeTarget "TestAuthUITests" */ = {
			isa = XCConfigurationList;
			buildConfigurations = (
				B45BDC001F20E1EB004F1D53 /* Debug */,
				B45BDC011F20E1EB004F1D53 /* Release */,
			);
			defaultConfigurationIsVisible = 0;
			defaultConfigurationName = Release;
		};
/* End XCConfigurationList section */
	};
	rootObject = B45BDBC91F20E1EA004F1D53 /* Project object */;
}
